# This file is automatically @generated by Cargo.
# It is not intended for manual editing.
version = 4

[[package]]
name = "aiwos-abi"
version = "0.0.1"

[[package]]
name = "aiwos-pilote"
version = "0.0.1"
dependencies = [
 "aiwos-rt",
]

[[package]]
name = "aiwos-rt"
version = "0.0.1"
dependencies = [
 "aiwos-abi",
]

[[package]]
name = "modele"
version = "0.0.1"
dependencies = [
 "aiwos-pilote",
 "aiwos-rt",
]
